<?xml version="1.0" encoding="utf-8"?>
<Project ToolsVersion="4.0" xmlns="http://schemas.microsoft.com/developer/msbuild/2003">
  <ItemGroup>
    <Filter Include="win32">
      <UniqueIdentifier>{84a8ebd7-7cf0-47f6-b75e-d441df67da40}</UniqueIdentifier>
    </Filter>
    <Filter Include="resource">
      <UniqueIdentifier>{715254bc-d70b-4ec5-bf29-467dd3ace079}</UniqueIdentifier>
    </Filter>
    <Filter Include="src">
      <UniqueIdentifier>{bb6c862e-70e9-49d9-81b7-3829a6f50471}</UniqueIdentifier>
    </Filter>
    <Filter Include="src\Character">
      <UniqueIdentifier>{a1b2c3d4-e5f6-7890-abcd-ef1234567890}</UniqueIdentifier>
    </Filter>
    <Filter Include="src\Character\components">
      <UniqueIdentifier>{b2c3d4e5-f6a7-8901-bcde-f12345678901}</UniqueIdentifier>
    </Filter>
    <Filter Include="src\Scenes">
      <UniqueIdentifier>{8fb3c0bc-c8a2-4917-8430-713b4e5d135a}</UniqueIdentifier>
    </Filter>
    <Filter Include="src\Managers">
      <UniqueIdentifier>{bf4ef00a-b19d-410b-a7b4-823d1f71b97e}</UniqueIdentifier>
    </Filter>
    <Filter Include="src\Scenes\Layers">
      <UniqueIdentifier>{62b910af-8692-426d-9c85-6dd3d3e84bf2}</UniqueIdentifier>
    </Filter>
    <Filter Include="src\Character\Base">
      <UniqueIdentifier>{bbe101f0-88f7-464a-8545-a493ef25f648}</UniqueIdentifier>
    </Filter>
    <Filter Include="src\Character\Monster">
      <UniqueIdentifier>{aa177691-d7f2-4f7e-b4a3-abe5cba67b8d}</UniqueIdentifier>
    </Filter>
    <Filter Include="src\Character\Player">
      <UniqueIdentifier>{e39619ed-c186-46fa-9ec5-661d31333c7b}</UniqueIdentifier>
    </Filter>
    <Filter Include="src\Character\Monster\Monsters">
      <UniqueIdentifier>{847e8903-7169-4413-8bc2-e8babac76bf4}</UniqueIdentifier>
    </Filter>
    <Filter Include="src\Character\Monster\Ai">
      <UniqueIdentifier>{b6fdf8c8-a16f-4867-a54f-c47a109f9a0b}</UniqueIdentifier>
    </Filter>
  </ItemGroup>
  <ItemGroup>
    <ClCompile Include="main.cpp">
      <Filter>win32</Filter>
    </ClCompile>
    <ClCompile Include="..\Classes\AppDelegate.cpp">
      <Filter>src</Filter>
    </ClCompile>
    <ClCompile Include="..\Classes\Character\components\AttributeComponent.cpp">
      <Filter>src\Character\components</Filter>
    </ClCompile>
    <ClCompile Include="..\Classes\Character\components\SkillComponent.cpp">
      <Filter>src\Character\components</Filter>
    </ClCompile>
    <ClCompile Include="..\Classes\Character\components\StateMachineComponent.cpp">
      <Filter>src\Character\components</Filter>
    </ClCompile>
    <ClCompile Include="..\Classes\Character\Base\CharacterBase.cpp">
      <Filter>src\Character\Base</Filter>
    </ClCompile>
    <ClCompile Include="..\Classes\Character\Monster\Monsters\GoblinMonster.cpp">
      <Filter>src\Character\Monster\Monsters</Filter>
    </ClCompile>
    <ClCompile Include="..\Classes\Character\Monster\MonsterBase.cpp">
      <Filter>src\Character\Monster</Filter>
    </ClCompile>
    <ClCompile Include="..\Classes\Scenes\DebugScene.cpp">
      <Filter>src\Scenes</Filter>
    </ClCompile>
    <ClCompile Include="..\Classes\Scenes\GameScene.cpp">
      <Filter>src\Scenes</Filter>
    </ClCompile>
    <ClCompile Include="..\Classes\Scenes\HelloWorldScene.cpp">
      <Filter>src\Scenes</Filter>
    </ClCompile>
    <ClCompile Include="..\Classes\Scenes\HomeScene.cpp">
      <Filter>src\Scenes</Filter>
    </ClCompile>
    <ClCompile Include="..\Classes\Scenes\MapScene.cpp">
      <Filter>src\Scenes</Filter>
    </ClCompile>
    <ClCompile Include="..\Classes\Scenes\Layers\SaveMenuLayer.cpp">
      <Filter>src\Scenes\Layers</Filter>
    </ClCompile>
    <ClCompile Include="..\Classes\Scenes\Layers\SetMenuLayer.cpp">
      <Filter>src\Scenes\Layers</Filter>
    </ClCompile>
    <ClCompile Include="..\Classes\Managers\MusicManager.cpp">
      <Filter>src\Managers</Filter>
    </ClCompile>
    <ClCompile Include="..\Classes\Managers\SceneTransitionManager.cpp">
      <Filter>src\Managers</Filter>
    </ClCompile>
    <ClCompile Include="..\Classes\Character\Player\PlayerCharacter.cpp">
      <Filter>src\Character\Player</Filter>
    </ClCompile>
  </ItemGroup>
  <ItemGroup>
    <ClInclude Include="main.h">
      <Filter>win32</Filter>
    </ClInclude>
    <ClInclude Include="..\Classes\AppDelegate.h">
      <Filter>src</Filter>
    </ClInclude>
    <ClInclude Include="..\Classes\Character\components\AttributeComponent.h">
      <Filter>src\Character\components</Filter>
    </ClInclude>
    <ClInclude Include="..\Classes\Character\components\SkillComponent.h">
      <Filter>src\Character\components</Filter>
    </ClInclude>
    <ClInclude Include="..\Classes\Character\components\StateMachineComponent.h">
      <Filter>src\Character\components</Filter>
    </ClInclude>
    <ClInclude Include="..\Classes\Character\Base\CharacterBase.h">
      <Filter>src\Character\Base</Filter>
    </ClInclude>
    <ClInclude Include="..\Classes\Character\Base\CharacterData.h">
      <Filter>src\Character\Base</Filter>
    </ClInclude>
    <ClInclude Include="..\Classes\Character\Monster\Monsters\GoblinMonster.h">
      <Filter>src\Character\Monster\Monsters</Filter>
    </ClInclude>
    <ClInclude Include="..\Classes\Character\Monster\MonsterBase.h">
      <Filter>src\Character\Monster</Filter>
    </ClInclude>
    <ClInclude Include="..\Classes\Scenes\DebugScene.h">
      <Filter>src\Scenes</Filter>
    </ClInclude>
    <ClInclude Include="..\Classes\Scenes\GameScene.h">
      <Filter>src\Scenes</Filter>
    </ClInclude>
    <ClInclude Include="..\Classes\Scenes\HelloWorldScene.h">
      <Filter>src\Scenes</Filter>
    </ClInclude>
    <ClInclude Include="..\Classes\Scenes\HomeScene.h">
      <Filter>src\Scenes</Filter>
    </ClInclude>
    <ClInclude Include="..\Classes\Scenes\MapScene.h">
      <Filter>src\Scenes</Filter>
    </ClInclude>
    <ClInclude Include="..\Classes\Scenes\Layers\SaveMenuLayer.h">
      <Filter>src\Scenes\Layers</Filter>
    </ClInclude>
    <ClInclude Include="..\Classes\Scenes\Layers\SetMenuLayer.h">
      <Filter>src\Scenes\Layers</Filter>
    </ClInclude>
    <ClInclude Include="..\Classes\Managers\MusicManager.h">
      <Filter>src\Managers</Filter>
    </ClInclude>
    <ClInclude Include="..\Classes\Managers\SceneTransitionManager.h">
      <Filter>src\Managers</Filter>
    </ClInclude>
    <ClInclude Include="..\Classes\Character\Player\PlayerCharacter.h">
      <Filter>src\Character\Player</Filter>
    </ClInclude>
  </ItemGroup>
  <ItemGroup>
    <ResourceCompile Include="game.rc">
      <Filter>resource</Filter>
    </ResourceCompile>
  </ItemGroup>
</Project>