<?xml version="1.0" encoding="utf-8"?>
<Project ToolsVersion="4.0" xmlns="http://schemas.microsoft.com/developer/msbuild/2003">
  <ItemGroup>
    <Filter Include="win32">
      <UniqueIdentifier>{84a8ebd7-7cf0-47f6-b75e-d441df67da40}</UniqueIdentifier>
    </Filter>
    <Filter Include="resource">
      <UniqueIdentifier>{715254bc-d70b-4ec5-bf29-467dd3ace079}</UniqueIdentifier>
    </Filter>
    <Filter Include="src">
      <UniqueIdentifier>{bb6c862e-70e9-49d9-81b7-3829a6f50471}</UniqueIdentifier>
    </Filter>
    <Filter Include="src\Character">
      <UniqueIdentifier>{a1b2c3d4-e5f6-7890-abcd-ef1234567890}</UniqueIdentifier>
    </Filter>
    <Filter Include="src\Character\components">
      <UniqueIdentifier>{b2c3d4e5-f6a7-8901-bcde-f12345678901}</UniqueIdentifier>
    </Filter>
    <Filter Include="src\Scenes">
      <UniqueIdentifier>{8fb3c0bc-c8a2-4917-8430-713b4e5d135a}</UniqueIdentifier>
    </Filter>
    <Filter Include="src\Managers">
      <UniqueIdentifier>{bf4ef00a-b19d-410b-a7b4-823d1f71b97e}</UniqueIdentifier>
    </Filter>
    <Filter Include="src\Scenes\Layers">
      <UniqueIdentifier>{62b910af-8692-426d-9c85-6dd3d3e84bf2}</UniqueIdentifier>
    </Filter>
    <Filter Include="src\Character\Base">
      <UniqueIdentifier>{bbe101f0-88f7-464a-8545-a493ef25f648}</UniqueIdentifier>
    </Filter>
    <Filter Include="src\Character\Monster">
      <UniqueIdentifier>{aa177691-d7f2-4f7e-b4a3-abe5cba67b8d}</UniqueIdentifier>
    </Filter>
    <Filter Include="src\Character\Player">
      <UniqueIdentifier>{e39619ed-c186-46fa-9ec5-661d31333c7b}</UniqueIdentifier>
    </Filter>
    <Filter Include="src\Character\Monster\Monsters">
      <UniqueIdentifier>{847e8903-7169-4413-8bc2-e8babac76bf4}</UniqueIdentifier>
    </Filter>
    <Filter Include="src\Objects">
      <UniqueIdentifier>{461233b5-d9fb-4264-b116-6045804d4cf9}</UniqueIdentifier>
    </Filter>
    <Filter Include="src\Objects\Projectiles">
      <UniqueIdentifier>{a306a2b2-a106-4f29-94f5-5f966d0bb182}</UniqueIdentifier>
    </Filter>
    <Filter Include="src\Objects\Items">
      <UniqueIdentifier>{e9414164-634f-4902-9e4a-3a14d9ffd954}</UniqueIdentifier>
    </Filter>
    <Filter Include="src\UI">
      <UniqueIdentifier>{6686c30f-b901-4ace-98e0-ebfe3c586b6d}</UniqueIdentifier>
    </Filter>
    <Filter Include="src\Save">
      <UniqueIdentifier>{5879635e-04e4-4c14-a72a-c4cdc828da6f}</UniqueIdentifier>
    </Filter>
    <Filter Include="src\Save\Cloud">
      <UniqueIdentifier>{b1f86de1-2a44-4a2e-9f0c-2a3d0b3f2a7e}</UniqueIdentifier>
    </Filter>
    <Filter Include="src\Character\Player\SkillSets">
      <UniqueIdentifier>{e505816f-ca50-4b8b-a68d-a924446f71ec}</UniqueIdentifier>
    </Filter>
    <Filter Include="src\Configs">
      <UniqueIdentifier>{b8534a20-4c5e-4aab-8cb1-7a423919ac65}</UniqueIdentifier>
    </Filter>
    <Filter Include="src\AI">
      <UniqueIdentifier>{dda4f6e3-5e9d-459e-8a89-3093070b9ac2}</UniqueIdentifier>
    </Filter>
    <Filter Include="src\Utils">
      <UniqueIdentifier>{8d0e40b6-10c9-4b5a-a1b5-9f5b3f6b2c33}</UniqueIdentifier>
    </Filter>
    <Filter Include="src\Scenes\LevelScenes">
      <UniqueIdentifier>{49342bb6-151c-4a1b-9b8c-d9af38d23459}</UniqueIdentifier>
    </Filter>
    <Filter Include="src\Character\StatusEffects">
      <UniqueIdentifier>{0f42dd16-8879-462f-9c82-7997744a4ce7}</UniqueIdentifier>
    </Filter>
    <Filter Include="src\Character\StatusEffects\Implementations">
      <UniqueIdentifier>{8b3ca06b-9fbc-4cfa-bfc4-866b4a025ea9}</UniqueIdentifier>
    </Filter>
  </ItemGroup>
  <ItemGroup>
    <ClCompile Include="main.cpp">
      <Filter>win32</Filter>
    </ClCompile>
    <ClCompile Include="..\Classes\AppDelegate.cpp">
      <Filter>src</Filter>
    </ClCompile>
    <ClCompile Include="..\Classes\AI\AiBlessingService.cpp">
      <Filter>src\AI</Filter>
    </ClCompile>
    <ClCompile Include="..\Classes\Character\components\AttributeComponent.cpp">
      <Filter>src\Character\components</Filter>
    </ClCompile>
    <ClCompile Include="..\Classes\Character\components\SkillComponent.cpp">
      <Filter>src\Character\components</Filter>
    </ClCompile>
    <ClCompile Include="..\Classes\Character\components\StateMachineComponent.cpp">
      <Filter>src\Character\components</Filter>
    </ClCompile>
    <ClCompile Include="..\Classes\Character\Base\CharacterBase.cpp">
      <Filter>src\Character\Base</Filter>
    </ClCompile>
    <ClCompile Include="..\Classes\Character\Monster\Monsters\GoblinMonster.cpp">
      <Filter>src\Character\Monster\Monsters</Filter>
    </ClCompile>
    <ClCompile Include="..\Classes\Character\Monster\Monsters\GobluMonster.cpp">
      <Filter>src\Character\Monster\Monsters</Filter>
    </ClCompile>
    <ClCompile Include="..\Classes\Character\Monster\Monsters\ObscurMonster.cpp">
      <Filter>src\Character\Monster\Monsters</Filter>
    </ClCompile>
    <ClCompile Include="..\Classes\Character\Monster\Monsters\TrainingDummyMonster.cpp">
      <Filter>src\Character\Monster\Monsters</Filter>
    </ClCompile>
    <ClCompile Include="..\Classes\Character\Monster\MonsterBase.cpp">
      <Filter>src\Character\Monster</Filter>
    </ClCompile>
    <ClCompile Include="..\Classes\Scenes\DebugScene.cpp">
      <Filter>src\Scenes</Filter>
    </ClCompile>
    <ClCompile Include="..\Classes\Scenes\CombatContactHelper.cpp">
      <Filter>src\Scenes</Filter>
    </ClCompile>
    <ClCompile Include="..\Classes\Scenes\GamePauseHelper.cpp">
      <Filter>src\Scenes</Filter>
    </ClCompile>
    <ClCompile Include="..\Classes\Scenes\GameInputController.cpp">
      <Filter>src\Scenes</Filter>
    </ClCompile>
    <ClCompile Include="..\Classes\Scenes\GameScene.cpp">
      <Filter>src\Scenes</Filter>
    </ClCompile>
    <ClCompile Include="..\Classes\Scenes\GameUIController.cpp">
      <Filter>src\Scenes</Filter>
    </ClCompile>
    <ClCompile Include="..\Classes\Scenes\HelloWorldScene.cpp">
      <Filter>src\Scenes</Filter>
    </ClCompile>
    <ClCompile Include="..\Classes\Scenes\HomeScene.cpp">
      <Filter>src\Scenes</Filter>
    </ClCompile>
    <ClCompile Include="..\Classes\Scenes\LoadingScene.cpp">
      <Filter>src\Scenes</Filter>
    </ClCompile>
    <ClCompile Include="..\Classes\Scenes\MapScene.cpp">
      <Filter>src\Scenes</Filter>
    </ClCompile>
    <ClCompile Include="..\Classes\Utils\ClipboardHelper.cpp">
      <Filter>src\Utils</Filter>
    </ClCompile>
    <ClCompile Include="..\Classes\Utils\ImeHelper.cpp">
      <Filter>src\Utils</Filter>
    </ClCompile>
    <ClCompile Include="..\Classes\Scenes\LevelMap.cpp">
      <Filter>src\Scenes</Filter>
    </ClCompile>
    <ClCompile Include="..\Classes\Scenes\Layers\SaveMenuLayer.cpp">
      <Filter>src\Scenes\Layers</Filter>
    </ClCompile>
    <ClCompile Include="..\Classes\Scenes\Layers\SetMenuLayer.cpp">
      <Filter>src\Scenes\Layers</Filter>
    </ClCompile>
    <ClCompile Include="..\Classes\Managers\MusicManager.cpp">
      <Filter>src\Managers</Filter>
    </ClCompile>
    <ClCompile Include="..\Classes\Managers\SceneTransitionManager.cpp">
      <Filter>src\Managers</Filter>
    </ClCompile>
    <ClCompile Include="..\Classes\Character\Player\PlayerCharacter.cpp">
      <Filter>src\Character\Player</Filter>
    </ClCompile>
    <ClCompile Include="..\Classes\GameUI.cpp">
      <Filter>src</Filter>
    </ClCompile>
    <ClCompile Include="..\Classes\UI\InventoryLayer.cpp">
      <Filter>src\UI</Filter>
    </ClCompile>
    <ClCompile Include="..\Classes\UI\BlessingNpcLayer.cpp">
      <Filter>src\UI</Filter>
    </ClCompile>
    <ClCompile Include="..\Classes\Objects\Projectiles\ExplosiveProjectile.cpp">
      <Filter>src\Objects\Projectiles</Filter>
    </ClCompile>
    <ClCompile Include="..\Classes\Objects\Projectiles\Bomb.cpp">
      <Filter>src\Objects\Projectiles</Filter>
    </ClCompile>
    <ClCompile Include="..\Classes\Objects\Items\DropItem.cpp">
      <Filter>src\Objects\Items</Filter>
    </ClCompile>
    <ClCompile Include="..\Classes\Character\Player\SkillSets\KleeSkillSet.cpp">
      <Filter>src\Character\Player\SkillSets</Filter>
    </ClCompile>
    <ClCompile Include="..\Classes\Character\Player\SkillSets\WarriorSkillSet.cpp">
      <Filter>src\Character\Player\SkillSets</Filter>
    </ClCompile>
    <ClCompile Include="..\Classes\Character\Player\SkillSets\AssassinSkillSet.cpp">
      <Filter>src\Character\Player\SkillSets</Filter>
    </ClCompile>
    <ClCompile Include="..\Classes\Managers\SceneRegistry.cpp">
      <Filter>src\Managers</Filter>
    </ClCompile>
    <ClCompile Include="..\Classes\Scenes\LevelScenes\OriginMushroomScene.cpp">
      <Filter>src\Scenes\LevelScenes</Filter>
    </ClCompile>
    <ClCompile Include="..\Classes\Scenes\LevelScenes\MysteryForestScene.cpp">
      <Filter>src\Scenes\LevelScenes</Filter>
    </ClCompile>
    <ClCompile Include="..\Classes\Save\SaveManager.cpp">
      <Filter>src\Save</Filter>
    </ClCompile>
    <ClCompile Include="..\Classes\Save\Cloud\CloudSyncService.cpp">
      <Filter>src\Save\Cloud</Filter>
    </ClCompile>
    <ClCompile Include="..\Classes\Save\SaveData.cpp">
      <Filter>src\Save</Filter>
    </ClCompile>
    <ClCompile Include="..\Classes\Save\JsonSerializer.cpp">
      <Filter>src\Save</Filter>
    </ClCompile>
    <ClCompile Include="..\Classes\UI\BossHealthBar.cpp">
      <Filter>src\UI</Filter>
    </ClCompile>
    <ClCompile Include="..\Classes\UI\PauseMenu.cpp">
      <Filter>src\UI</Filter>
    </ClCompile>
    <ClCompile Include="..\Classes\UI\PlayerDeathMenu.cpp">
      <Filter>src\UI</Filter>
    </ClCompile>
    <ClCompile Include="..\Classes\UI\PlayerStatusBar.cpp">
      <Filter>src\UI</Filter>
    </ClCompile>
    <ClCompile Include="..\Classes\UI\SkillBar.cpp">
      <Filter>src\UI</Filter>
    </ClCompile>
    <ClCompile Include="..\Classes\Character\components\StatusEffectVfxComponent.cpp">
      <Filter>src\Character\components</Filter>
    </ClCompile>
    <ClCompile Include="..\Classes\Character\components\InventoryComponent.cpp">
      <Filter>src\Character\components</Filter>
    </ClCompile>
    <ClCompile Include="..\Classes\Scenes\Layers\BagLayer.cpp">
      <Filter>src\Scenes\Layers</Filter>
    </ClCompile>
    <ClCompile Include="..\Classes\Scenes\Layers\CloudAuthLayer.cpp">
      <Filter>src\Scenes\Layers</Filter>
    </ClCompile>
    <ClCompile Include="..\Classes\Character\Base\StatusEffect.cpp">
      <Filter>src\Character\Base</Filter>
    </ClCompile>
    <ClCompile Include="..\Classes\Character\StatusEffects\StatusEffectFactory.cpp">
      <Filter>src\Character\StatusEffects</Filter>
    </ClCompile>
    <ClCompile Include="..\Classes\Character\StatusEffects\Implementations\ThornsEffect.cpp">
      <Filter>src\Character\StatusEffects\Implementations</Filter>
    </ClCompile>
    <ClCompile Include="..\Classes\Character\StatusEffects\Implementations\BurningEffect.cpp">
      <Filter>src\Character\StatusEffects\Implementations</Filter>
    </ClCompile>
    <ClCompile Include="..\Classes\Character\StatusEffects\Implementations\RegenEffect.cpp">
      <Filter>src\Character\StatusEffects\Implementations</Filter>
    </ClCompile>
    <ClCompile Include="..\Classes\Character\StatusEffects\Implementations\PoisonEffect.cpp">
      <Filter>src\Character\StatusEffects\Implementations</Filter>
    </ClCompile>
    <ClCompile Include="..\Classes\Character\StatusEffects\Implementations\BloodPactLifestealEffect.cpp">
      <Filter>src\Character\StatusEffects\Implementations</Filter>
    </ClCompile>
    <ClCompile Include="..\Classes\Character\StatusEffects\Implementations\EmberStaffEffect.cpp">
      <Filter>src\Character\StatusEffects\Implementations</Filter>
    </ClCompile>
    <ClCompile Include="..\Classes\Character\StatusEffects\Implementations\EmergencyMaskEffect.cpp">
      <Filter>src\Character\StatusEffects\Implementations</Filter>
    </ClCompile>
    <ClCompile Include="..\Classes\Character\StatusEffects\Implementations\HunterBootsEffect.cpp">
      <Filter>src\Character\StatusEffects\Implementations</Filter>
    </ClCompile>
    <ClCompile Include="..\Classes\Character\StatusEffects\Implementations\AIBlessingEffect.cpp">
      <Filter>src\Character\StatusEffects\Implementations</Filter>
    </ClCompile>
  </ItemGroup>
  <ItemGroup>
    <ClInclude Include="main.h">
      <Filter>win32</Filter>
    </ClInclude>
    <ClInclude Include="..\Classes\AppDelegate.h">
      <Filter>src</Filter>
    </ClInclude>
    <ClInclude Include="..\Classes\AI\AiBlessingService.h">
      <Filter>src\AI</Filter>
    </ClInclude>
    <ClInclude Include="..\Classes\Character\components\AttributeComponent.h">
      <Filter>src\Character\components</Filter>
    </ClInclude>
    <ClInclude Include="..\Classes\Character\components\SkillComponent.h">
      <Filter>src\Character\components</Filter>
    </ClInclude>
    <ClInclude Include="..\Classes\Character\components\StateMachineComponent.h">
      <Filter>src\Character\components</Filter>
    </ClInclude>
    <ClInclude Include="..\Classes\Character\Base\CharacterBase.h">
      <Filter>src\Character\Base</Filter>
    </ClInclude>
    <ClInclude Include="..\Classes\Character\Monster\Monsters\GoblinMonster.h">
      <Filter>src\Character\Monster\Monsters</Filter>
    </ClInclude>
    <ClInclude Include="..\Classes\Character\Monster\Monsters\GobluMonster.h">
      <Filter>src\Character\Monster\Monsters</Filter>
    </ClInclude>
    <ClInclude Include="..\Classes\Character\Monster\Monsters\ObscurMonster.h">
      <Filter>src\Character\Monster\Monsters</Filter>
    </ClInclude>
    <ClInclude Include="..\Classes\Character\Monster\Monsters\TrainingDummyMonster.h">
      <Filter>src\Character\Monster\Monsters</Filter>
    </ClInclude>
    <ClInclude Include="..\Classes\Character\Monster\MonsterBase.h">
      <Filter>src\Character\Monster</Filter>
    </ClInclude>
    <ClInclude Include="..\Classes\Scenes\DebugScene.h">
      <Filter>src\Scenes</Filter>
    </ClInclude>
    <ClInclude Include="..\Classes\Scenes\CombatContactHelper.h">
      <Filter>src\Scenes</Filter>
    </ClInclude>
    <ClInclude Include="..\Classes\Scenes\GamePauseHelper.h">
      <Filter>src\Scenes</Filter>
    </ClInclude>
    <ClInclude Include="..\Classes\Scenes\GameInputController.h">
      <Filter>src\Scenes</Filter>
    </ClInclude>
    <ClInclude Include="..\Classes\Scenes\GameScene.h">
      <Filter>src\Scenes</Filter>
    </ClInclude>
    <ClInclude Include="..\Classes\Scenes\HelloWorldScene.h">
      <Filter>src\Scenes</Filter>
    </ClInclude>
    <ClInclude Include="..\Classes\Scenes\HomeScene.h">
      <Filter>src\Scenes</Filter>
    </ClInclude>
    <ClInclude Include="..\Classes\Scenes\LoadingScene.h">
      <Filter>src\Scenes</Filter>
    </ClInclude>
    <ClInclude Include="..\Classes\Scenes\MapScene.h">
      <Filter>src\Scenes</Filter>
    </ClInclude>
    <ClInclude Include="..\Classes\Utils\ClipboardHelper.h">
      <Filter>src\Utils</Filter>
    </ClInclude>
    <ClInclude Include="..\Classes\Utils\ImeHelper.h">
      <Filter>src\Utils</Filter>
    </ClInclude>
    <ClInclude Include="..\Classes\Scenes\GameUIController.h">
      <Filter>src\Scenes</Filter>
    </ClInclude>
    <ClInclude Include="..\Classes\Scenes\LevelMap.h">
      <Filter>src\Scenes</Filter>
    </ClInclude>
    <ClInclude Include="..\Classes\Scenes\Layers\SaveMenuLayer.h">
      <Filter>src\Scenes\Layers</Filter>
    </ClInclude>
    <ClInclude Include="..\Classes\Scenes\Layers\SetMenuLayer.h">
      <Filter>src\Scenes\Layers</Filter>
    </ClInclude>
    <ClInclude Include="..\Classes\Managers\MusicManager.h">
      <Filter>src\Managers</Filter>
    </ClInclude>
    <ClInclude Include="..\Classes\Managers\SceneTransitionManager.h">
      <Filter>src\Managers</Filter>
    </ClInclude>
    <ClInclude Include="..\Classes\Character\Player\PlayerCharacter.h">
      <Filter>src\Character\Player</Filter>
    </ClInclude>
    <ClInclude Include="..\Classes\GameUI.h">
      <Filter>src</Filter>
    </ClInclude>
    <ClInclude Include="..\Classes\Objects\Projectiles\ExplosiveProjectile.h">
      <Filter>src\Objects\Projectiles</Filter>
    </ClInclude>
    <ClInclude Include="..\Classes\Objects\Projectiles\Bomb.h">
      <Filter>src\Objects\Projectiles</Filter>
    </ClInclude>
    <ClInclude Include="..\Classes\Objects\Items\DropItem.h">
      <Filter>src\Objects\Items</Filter>
    </ClInclude>
    <ClInclude Include="..\Classes\UI\BossHealthBar.h">
      <Filter>src\UI</Filter>
    </ClInclude>
    <ClInclude Include="..\Classes\UI\PauseMenu.h">
      <Filter>src\UI</Filter>
    </ClInclude>
    <ClInclude Include="..\Classes\UI\PlayerDeathMenu.h">
      <Filter>src\UI</Filter>
    </ClInclude>
    <ClInclude Include="..\Classes\UI\PlayerStatusBar.h">
      <Filter>src\UI</Filter>
    </ClInclude>
    <ClInclude Include="..\Classes\UI\SkillBar.h">
      <Filter>src\UI</Filter>
    </ClInclude>
    <ClInclude Include="..\Classes\UI\InventoryLayer.h">
      <Filter>src\UI</Filter>
    </ClInclude>
    <ClInclude Include="..\Classes\UI\BlessingNpcLayer.h">
      <Filter>src\UI</Filter>
    </ClInclude>
    <ClInclude Include="..\Classes\Save\SaveData.h">
      <Filter>src\Save</Filter>
    </ClInclude>
    <ClInclude Include="..\Classes\Save\SaveManager.h">
      <Filter>src\Save</Filter>
    </ClInclude>
    <ClInclude Include="..\Classes\Save\Cloud\CloudSyncService.h">
      <Filter>src\Save\Cloud</Filter>
    </ClInclude>
    <ClInclude Include="..\Classes\Save\JsonSerializer.h">
      <Filter>src\Save</Filter>
    </ClInclude>
    <ClInclude Include="..\Classes\Character\Base\CharacterData.h">
      <Filter>src\Character\Base</Filter>
    </ClInclude>
    <ClInclude Include="..\Classes\Character\Player\SkillSets\KleeSkillSet.h">
      <Filter>src\Character\Player\SkillSets</Filter>
    </ClInclude>
    <ClInclude Include="..\Classes\Character\Player\SkillSets\WarriorSkillSet.h">
      <Filter>src\Character\Player\SkillSets</Filter>
    </ClInclude>
    <ClInclude Include="..\Classes\Character\Player\SkillSets\AssassinSkillSet.h">
      <Filter>src\Character\Player\SkillSets</Filter>
    </ClInclude>
    <ClInclude Include="..\Classes\Character\Player\SkillSets\PlayerSkillSet.h">
      <Filter>src\Character\Player\SkillSets</Filter>
    </ClInclude>
    <ClInclude Include="..\Classes\Configs\GameConfig.h">
      <Filter>src\Configs</Filter>
    </ClInclude>
    <ClInclude Include="..\Classes\Configs\GamePhysicsCategory.h">
      <Filter>src\Configs</Filter>
    </ClInclude>
    <ClInclude Include="..\Classes\Configs\GameSceneConfig.h">
      <Filter>src\Configs</Filter>
    </ClInclude>
    <ClInclude Include="..\Classes\Configs\PlayerRoleConfig.h">
      <Filter>src\Configs</Filter>
    </ClInclude>
    <ClInclude Include="..\Classes\Managers\SceneRegistry.h">
      <Filter>src\Managers</Filter>
    </ClInclude>
    <ClInclude Include="..\Classes\Scenes\LevelScenes\OriginMushroomScene.h">
      <Filter>src\Scenes\LevelScenes</Filter>
    </ClInclude>
    <ClInclude Include="..\Classes\Scenes\LevelScenes\MysteryForestScene.h">
      <Filter>src\Scenes\LevelScenes</Filter>
    </ClInclude>
    <ClInclude Include="..\Classes\Character\components\StatusEffectVfxComponent.h">
      <Filter>src\Character\components</Filter>
    </ClInclude>
    <ClInclude Include="..\Classes\Character\components\InventoryComponent.h">
      <Filter>src\Character\components</Filter>
    </ClInclude>
    <ClInclude Include="..\Classes\Scenes\Layers\BagLayer.h">
      <Filter>src\Scenes\Layers</Filter>
    </ClInclude>
    <ClInclude Include="..\Classes\Scenes\Layers\CloudAuthLayer.h">
      <Filter>src\Scenes\Layers</Filter>
    </ClInclude>
    <ClInclude Include="..\Classes\Utils\ParticlePreloadHelper.h">
      <Filter>src\Utils</Filter>
    </ClInclude>
    <ClInclude Include="..\Classes\Utils\PhysicsBodyLocalInfoHelper.h">
      <Filter>src\Utils</Filter>
    </ClInclude>
    <ClInclude Include="..\Classes\Utils\SpriteFrameCacheHelper.h">
      <Filter>src\Utils</Filter>
    </ClInclude>
    <ClInclude Include="..\Classes\Character\Base\StatusEffect.h">
      <Filter>src\Character\Base</Filter>
    </ClInclude>
    <ClInclude Include="..\Classes\Character\StatusEffects\Implementations\ThornsEffect.h">
      <Filter>src\Character\StatusEffects\Implementations</Filter>
    </ClInclude>
    <ClInclude Include="..\Classes\Character\StatusEffects\Implementations\AIBlessingEffect.h">
      <Filter>src\Character\StatusEffects\Implementations</Filter>
    </ClInclude>
    <ClInclude Include="..\Classes\Character\StatusEffects\StatusEffectFactory.h">
      <Filter>src\Character\StatusEffects</Filter>
    </ClInclude>
    <ClInclude Include="..\Classes\Character\StatusEffects\Implementations\BurningEffect.h">
      <Filter>src\Character\StatusEffects\Implementations</Filter>
    </ClInclude>
    <ClInclude Include="..\Classes\Character\StatusEffects\Implementations\RegenEffect.h">
      <Filter>src\Character\StatusEffects\Implementations</Filter>
    </ClInclude>
    <ClInclude Include="..\Classes\Character\StatusEffects\Implementations\PoisonEffect.h">
      <Filter>src\Character\StatusEffects\Implementations</Filter>
    </ClInclude>
    <ClInclude Include="..\Classes\Configs\ArenaConfig.h">
      <Filter>src\Configs</Filter>
    </ClInclude>
    <ClInclude Include="..\Classes\Configs\CharacterAssetConfig.h">
      <Filter>src\Configs</Filter>
    </ClInclude>
    <ClInclude Include="..\Classes\Utils\ParticleVfxHelper.h">
      <Filter>src\Utils</Filter>
    </ClInclude>
    <ClInclude Include="..\Classes\Utils\WeaponHitboxVfxHelper.h">
      <Filter>src\Utils</Filter>
    </ClInclude>
  </ItemGroup>
  <ItemGroup>
    <ResourceCompile Include="game.rc">
      <Filter>resource</Filter>
    </ResourceCompile>
  </ItemGroup>
</Project>